
Microsoft Visual Studio Solution File, Format Version 12.00
# Visual Studio Version 17
VisualStudioVersion = 17.0.31919.166
MinimumVisualStudioVersion = 10.0.40219.1
Project("{FAE04EC0-301F-11D3-BF4B-00C04F79EFBC}") = "IMC", "IMC\IMC.csproj", "{5339D93A-EF6F-4874-9F0D-602FBD6ECAB7}"
EndProject
Global
	GlobalSection(SolutionConfigurationPlatforms) = preSolution
		Debug|Any CPU = Debug|Any CPU
		Release|Any CPU = Release|Any CPU
	EndGlobalSection
	GlobalSection(ProjectConfigurationPlatforms) = postSolution
		{5339D93A-EF6F-4874-9F0D-602FBD6ECAB7}.Debug|Any CPU.ActiveCfg = Debug|Any CPU
		{5339D93A-EF6F-4874-9F0D-602FBD6ECAB7}.Debug|Any CPU.Build.0 = Debug|Any CPU
		{5339D93A-EF6F-4874-9F0D-602FBD6ECAB7}.Release|Any CPU.ActiveCfg = Release|Any CPU
		{5339D93A-EF6F-4874-9F0D-602FBD6ECAB7}.Release|Any CPU.Build.0 = Release|Any CPU
	EndGlobalSection
	GlobalSection(SolutionProperties) = preSolution
		HideSolutionNode = FALSE
	EndGlobalSection
	GlobalSection(ExtensibilityGlobals) = postSolution
		SolutionGuid = {73708476-B05F-4C0C-9EA9-434AD7EC21D0}
	EndGlobalSection
EndGlobal
